// !$*UTF8*$!
{
	archiveVersion = 1;
	classes = {
	};
	objectVersion = 56;
	objects = {

/* Begin PBXBuildFile section */
		04AD79EA294385DC00C24BFF /* AppDelegate.swift in Sources */ = {isa = PBXBuildFile; fileRef = 04AD79E9294385DC00C24BFF /* AppDelegate.swift */; };
		04AD79EC294385DC00C24BFF /* SceneDelegate.swift in Sources */ = {isa = PBXBuildFile; fileRef = 04AD79EB294385DC00C24BFF /* SceneDelegate.swift */; };
		04AD79EE294385DC00C24BFF /* ViewController.swift in Sources */ = {isa = PBXBuildFile; fileRef = 04AD79ED294385DC00C24BFF /* ViewController.swift */; };
		04AD79F1294385DC00C24BFF /* Main.storyboard in Resources */ = {isa = PBXBuildFile; fileRef = 04AD79EF294385DC00C24BFF /* Main.storyboard */; };
		04AD79F3294385DE00C24BFF /* Assets.xcassets in Resources */ = {isa = PBXBuildFile; fileRef = 04AD79F2294385DE00C24BFF /* Assets.xcassets */; };
		04AD79F6294385DE00C24BFF /* LaunchScreen.storyboard in Resources */ = {isa = PBXBuildFile; fileRef = 04AD79F4294385DE00C24BFF /* LaunchScreen.storyboard */; };
		04AD79FF2943871200C24BFF /* ToDoItem.swift in Sources */ = {isa = PBXBuildFile; fileRef = 04AD79FE2943871200C24BFF /* ToDoItem.swift */; };
		04AD7A022943985B00C24BFF /* ViewModel.swift in Sources */ = {isa = PBXBuildFile; fileRef = 04AD7A012943985B00C24BFF /* ViewModel.swift */; };
		04AD7A062943C12400C24BFF /* CoreData.xcdatamodeld in Sources */ = {isa = PBXBuildFile; fileRef = 04AD7A042943C12400C24BFF /* CoreData.xcdatamodeld */; };
		04AD7A152943C30000C24BFF /* ThingToDo+CoreDataClass.swift in Sources */ = {isa = PBXBuildFile; fileRef = 04AD7A132943C30000C24BFF /* ThingToDo+CoreDataClass.swift */; };
		04AD7A162943C30000C24BFF /* ThingToDo+CoreDataProperties.swift in Sources */ = {isa = PBXBuildFile; fileRef = 04AD7A142943C30000C24BFF /* ThingToDo+CoreDataProperties.swift */; };
/* End PBXBuildFile section */

/* Begin PBXFileReference section */
		04AD79E6294385DC00C24BFF /* ToDoList.app */ = {isa = PBXFileReference; explicitFileType = wrapper.application; includeInIndex = 0; path = ToDoList.app; sourceTree = BUILT_PRODUCTS_DIR; };
		04AD79E9294385DC00C24BFF /* AppDelegate.swift */ = {isa = PBXFileReference; lastKnownFileType = sourcecode.swift; path = AppDelegate.swift; sourceTree = "<group>"; };
		04AD79EB294385DC00C24BFF /* SceneDelegate.swift */ = {isa = PBXFileReference; lastKnownFileType = sourcecode.swift; path = SceneDelegate.swift; sourceTree = "<group>"; };
		04AD79ED294385DC00C24BFF /* ViewController.swift */ = {isa = PBXFileReference; lastKnownFileType = sourcecode.swift; path = ViewController.swift; sourceTree = "<group>"; };
		04AD79F0294385DC00C24BFF /* Base */ = {isa = PBXFileReference; lastKnownFileType = file.storyboard; name = Base; path = Base.lproj/Main.storyboard; sourceTree = "<group>"; };
		04AD79F2294385DE00C24BFF /* Assets.xcassets */ = {isa = PBXFileReference; lastKnownFileType = folder.assetcatalog; path = Assets.xcassets; sourceTree = "<group>"; };
		04AD79F5294385DE00C24BFF /* Base */ = {isa = PBXFileReference; lastKnownFileType = file.storyboard; name = Base; path = Base.lproj/LaunchScreen.storyboard; sourceTree = "<group>"; };
		04AD79F7294385DE00C24BFF /* Info.plist */ = {isa = PBXFileReference; lastKnownFileType = text.plist.xml; path = Info.plist; sourceTree = "<group>"; };
		04AD79FE2943871200C24BFF /* ToDoItem.swift */ = {isa = PBXFileReference; lastKnownFileType = sourcecode.swift; path = ToDoItem.swift; sourceTree = "<group>"; };
		04AD7A012943985B00C24BFF /* ViewModel.swift */ = {isa = PBXFileReference; lastKnownFileType = sourcecode.swift; path = ViewModel.swift; sourceTree = "<group>"; };
		04AD7A052943C12400C24BFF /* CoreData.xcdatamodel */ = {isa = PBXFileReference; lastKnownFileType = wrapper.xcdatamodel; path = CoreData.xcdatamodel; sourceTree = "<group>"; };
		04AD7A132943C30000C24BFF /* ThingToDo+CoreDataClass.swift */ = {isa = PBXFileReference; lastKnownFileType = sourcecode.swift; path = "ThingToDo+CoreDataClass.swift"; sourceTree = "<group>"; };
		04AD7A142943C30000C24BFF /* ThingToDo+CoreDataProperties.swift */ = {isa = PBXFileReference; lastKnownFileType = sourcecode.swift; path = "ThingToDo+CoreDataProperties.swift"; sourceTree = "<group>"; };
/* End PBXFileReference section */

/* Begin PBXFrameworksBuildPhase section */
		04AD79E3294385DC00C24BFF /* Frameworks */ = {
			isa = PBXFrameworksBuildPhase;
			buildActionMask = 2147483647;
			files = (
			);
			runOnlyForDeploymentPostprocessing = 0;
		};
/* End PBXFrameworksBuildPhase section */

/* Begin PBXGroup section */
		04AD79DD294385DC00C24BFF = {
			isa = PBXGroup;
			children = (
				04AD7A132943C30000C24BFF /* ThingToDo+CoreDataClass.swift */,
				04AD7A142943C30000C24BFF /* ThingToDo+CoreDataProperties.swift */,
				04AD7A042943C12400C24BFF /* CoreData.xcdatamodeld */,
				04AD79E8294385DC00C24BFF /* ToDoList */,
				04AD79E7294385DC00C24BFF /* Products */,
			);
			sourceTree = "<group>";
		};
		04AD79E7294385DC00C24BFF /* Products */ = {
			isa = PBXGroup;
			children = (
				04AD79E6294385DC00C24BFF /* ToDoList.app */,
			);
			name = Products;
			sourceTree = "<group>";
		};
		04AD79E8294385DC00C24BFF /* ToDoList */ = {
			isa = PBXGroup;
			children = (
				04AD7A032943985F00C24BFF /* ViewModel */,
				04AD7A002943898A00C24BFF /* ViewController */,
				04AD79FD294386F500C24BFF /* Model */,
				04AD79E9294385DC00C24BFF /* AppDelegate.swift */,
				04AD79EB294385DC00C24BFF /* SceneDelegate.swift */,
				04AD79EF294385DC00C24BFF /* Main.storyboard */,
				04AD79F2294385DE00C24BFF /* Assets.xcassets */,
				04AD79F4294385DE00C24BFF /* LaunchScreen.storyboard */,
				04AD79F7294385DE00C24BFF /* Info.plist */,
			);
			path = ToDoList;
			sourceTree = "<group>";
		};
		04AD79FD294386F500C24BFF /* Model */ = {
			isa = PBXGroup;
			children = (
				04AD79FE2943871200C24BFF /* ToDoItem.swift */,
			);
			path = Model;
			sourceTree = "<group>";
		};
		04AD7A002943898A00C24BFF /* ViewController */ = {
			isa = PBXGroup;
			children = (
				04AD79ED294385DC00C24BFF /* ViewController.swift */,
			);
			path = ViewController;
			sourceTree = "<group>";
		};
		04AD7A032943985F00C24BFF /* ViewModel */ = {
			isa = PBXGroup;
			children = (
				04AD7A012943985B00C24BFF /* ViewModel.swift */,
			);
			path = ViewModel;
			sourceTree = "<group>";
		};
/* End PBXGroup section */

/* Begin PBXNativeTarget section */
		04AD79E5294385DC00C24BFF /* ToDoList */ = {
			isa = PBXNativeTarget;
			buildConfigurationList = 04AD79FA294385DE00C24BFF /* Build configuration list for PBXNativeTarget "ToDoList" */;
			buildPhases = (
				04AD79E2294385DC00C24BFF /* Sources */,
				04AD79E3294385DC00C24BFF /* Frameworks */,
				04AD79E4294385DC00C24BFF /* Resources */,
			);
			buildRules = (
			);
			dependencies = (
			);
			name = ToDoList;
			productName = ToDoList;
			productReference = 04AD79E6294385DC00C24BFF /* ToDoList.app */;
			productType = "com.apple.product-type.application";
		};
/* End PBXNativeTarget section */

/* Begin PBXProject section */
		04AD79DE294385DC00C24BFF /* Project object */ = {
			isa = PBXProject;
			attributes = {
				BuildIndependentTargetsInParallel = 1;
				LastSwiftUpdateCheck = 1410;
				LastUpgradeCheck = 1410;
				TargetAttributes = {
					04AD79E5294385DC00C24BFF = {
						CreatedOnToolsVersion = 14.1;
					};
				};
			};
			buildConfigurationList = 04AD79E1294385DC00C24BFF /* Build configuration list for PBXProject "ToDoList" */;
			compatibilityVersion = "Xcode 14.0";
			developmentRegion = en;
			hasScannedForEncodings = 0;
			knownRegions = (
				en,
				Base,
			);
			mainGroup = 04AD79DD294385DC00C24BFF;
			productRefGroup = 04AD79E7294385DC00C24BFF /* Products */;
			projectDirPath = "";
			projectRoot = "";
			targets = (
				04AD79E5294385DC00C24BFF /* ToDoList */,
			);
		};
/* End PBXProject section */

/* Begin PBXResourcesBuildPhase section */
		04AD79E4294385DC00C24BFF /* Resources */ = {
			isa = PBXResourcesBuildPhase;
			buildActionMask = 2147483647;
			files = (
				04AD79F6294385DE00C24BFF /* LaunchScreen.storyboard in Resources */,
				04AD79F3294385DE00C24BFF /* Assets.xcassets in Resources */,
				04AD79F1294385DC00C24BFF /* Main.storyboard in Resources */,
			);
			runOnlyForDeploymentPostprocessing = 0;
		};
/* End PBXResourcesBuildPhase section */

/* Begin PBXSourcesBuildPhase section */
		04AD79E2294385DC00C24BFF /* Sources */ = {
			isa = PBXSourcesBuildPhase;
			buildActionMask = 2147483647;
			files = (
				04AD7A162943C30000C24BFF /* ThingToDo+CoreDataProperties.swift in Sources */,
				04AD7A022943985B00C24BFF /* ViewModel.swift in Sources */,
				04AD79EE294385DC00C24BFF /* ViewController.swift in Sources */,
				04AD7A062943C12400C24BFF /* CoreData.xcdatamodeld in Sources */,
				04AD79EA294385DC00C24BFF /* AppDelegate.swift in Sources */,
				04AD7A152943C30000C24BFF /* ThingToDo+CoreDataClass.swift in Sources */,
				04AD79FF2943871200C24BFF /* ToDoItem.swift in Sources */,
				04AD79EC294385DC00C24BFF /* SceneDelegate.swift in Sources */,
			);
			runOnlyForDeploymentPostprocessing = 0;
		};
/* End PBXSourcesBuildPhase section */

/* Begin PBXVariantGroup section */
		04AD79EF294385DC00C24BFF /* Main.storyboard */ = {
			isa = PBXVariantGroup;
			children = (
				04AD79F0294385DC00C24BFF /* Base */,
			);
			name = Main.storyboard;
			sourceTree = "<group>";
		};
		04AD79F4294385DE00C24BFF /* LaunchScreen.storyboard */ = {
			isa = PBXVariantGroup;
			children = (
				04AD79F5294385DE00C24BFF /* Base */,
			);
			name = LaunchScreen.storyboard;
			sourceTree = "<group>";
		};
/* End PBXVariantGroup section */

/* Begin XCBuildConfiguration section */
		04AD79F8294385DE00C24BFF /* Debug */ = {
			isa = XCBuildConfiguration;
			buildSettings = {
				ALWAYS_SEARCH_USER_PATHS = NO;
				CLANG_ANALYZER_NONNULL = YES;
				CLANG_ANALYZER_NUMBER_OBJECT_CONVERSION = YES_AGGRESSIVE;
				CLANG_CXX_LANGUAGE_STANDARD = "gnu++20";
				CLANG_ENABLE_MODULES = YES;
				CLANG_ENABLE_OBJC_ARC = YES;
				CLANG_ENABLE_OBJC_WEAK = YES;
				CLANG_WARN_BLOCK_CAPTURE_AUTORELEASING = YES;
				CLANG_WARN_BOOL_CONVERSION = YES;
				CLANG_WARN_COMMA = YES;
				CLANG_WARN_CONSTANT_CONVERSION = YES;
				CLANG_WARN_DEPRECATED_OBJC_IMPLEMENTATIONS = YES;
				CLANG_WARN_DIRECT_OBJC_ISA_USAGE = YES_ERROR;
				CLANG_WARN_DOCUMENTATION_COMMENTS = YES;
				CLANG_WARN_EMPTY_BODY = YES;
				CLANG_WARN_ENUM_CONVERSION = YES;
				CLANG_WARN_INFINITE_RECURSION = YES;
				CLANG_WARN_INT_CONVERSION = YES;
				CLANG_WARN_NON_LITERAL_NULL_CONVERSION = YES;
				CLANG_WARN_OBJC_IMPLICIT_RETAIN_SELF = YES;
				CLANG_WARN_OBJC_LITERAL_CONVERSION = YES;
				CLANG_WARN_OBJC_ROOT_CLASS = YES_ERROR;
				CLANG_WARN_QUOTED_INCLUDE_IN_FRAMEWORK_HEADER = YES;
				CLANG_WARN_RANGE_LOOP_ANALYSIS = YES;
				CLANG_WARN_STRICT_PROTOTYPES = YES;
				CLANG_WARN_SUSPICIOUS_MOVE = YES;
				CLANG_WARN_UNGUARDED_AVAILABILITY = YES_AGGRESSIVE;
				CLANG_WARN_UNREACHABLE_CODE = YES;
				CLANG_WARN__DUPLICATE_METHOD_MATCH = YES;
				COPY_PHASE_STRIP = NO;
				DEBUG_INFORMATION_FORMAT = dwarf;
				ENABLE_STRICT_OBJC_MSGSEND = YES;
				ENABLE_TESTABILITY = YES;
				GCC_C_LANGUAGE_STANDARD = gnu11;
				GCC_DYNAMIC_NO_PIC = NO;
				GCC_NO_COMMON_BLOCKS = YES;
				GCC_OPTIMIZATION_LEVEL = 0;
				GCC_PREPROCESSOR_DEFINITIONS = (
					"DEBUG=1",
					"$(inherited)",
				);
				GCC_WARN_64_TO_32_BIT_CONVERSION = YES;
				GCC_WARN_ABOUT_RETURN_TYPE = YES_ERROR;
				GCC_WARN_UNDECLARED_SELECTOR = YES;
				GCC_WARN_UNINITIALIZED_AUTOS = YES_AGGRESSIVE;
				GCC_WARN_UNUSED_FUNCTION = YES;
				GCC_WARN_UNUSED_VARIABLE = YES;
				IPHONEOS_DEPLOYMENT_TARGET = 16.1;
				MTL_ENABLE_DEBUG_INFO = INCLUDE_SOURCE;
				MTL_FAST_MATH = YES;
				ONLY_ACTIVE_ARCH = YES;
				SDKROOT = iphoneos;
				SWIFT_ACTIVE_COMPILATION_CONDITIONS = DEBUG;
				SWIFT_OPTIMIZATION_LEVEL = "-Onone";
			};
			name = Debug;
		};
		04AD79F9294385DE00C24BFF /* Release */ = {
			isa = XCBuildConfiguration;
			buildSettings = {
				ALWAYS_SEARCH_USER_PATHS = NO;
				CLANG_ANALYZER_NONNULL = YES;
				CLANG_ANALYZER_NUMBER_OBJECT_CONVERSION = YES_AGGRESSIVE;
				CLANG_CXX_LANGUAGE_STANDARD = "gnu++20";
				CLANG_ENABLE_MODULES = YES;
				CLANG_ENABLE_OBJC_ARC = YES;
				CLANG_ENABLE_OBJC_WEAK = YES;
				CLANG_WARN_BLOCK_CAPTURE_AUTORELEASING = YES;
				CLANG_WARN_BOOL_CONVERSION = YES;
				CLANG_WARN_COMMA = YES;
				CLANG_WARN_CONSTANT_CONVERSION = YES;
				CLANG_WARN_DEPRECATED_OBJC_IMPLEMENTATIONS = YES;
				CLANG_WARN_DIRECT_OBJC_ISA_USAGE = YES_ERROR;
				CLANG_WARN_DOCUMENTATION_COMMENTS = YES;
				CLANG_WARN_EMPTY_BODY = YES;
				CLANG_WARN_ENUM_CONVERSION = YES;
				CLANG_WARN_INFINITE_RECURSION = YES;
				CLANG_WARN_INT_CONVERSION = YES;
				CLANG_WARN_NON_LITERAL_NULL_CONVERSION = YES;
				CLANG_WARN_OBJC_IMPLICIT_RETAIN_SELF = YES;
				CLANG_WARN_OBJC_LITERAL_CONVERSION = YES;
				CLANG_WARN_OBJC_ROOT_CLASS = YES_ERROR;
				CLANG_WARN_QUOTED_INCLUDE_IN_FRAMEWORK_HEADER = YES;
				CLANG_WARN_RANGE_LOOP_ANALYSIS = YES;
				CLANG_WARN_STRICT_PROTOTYPES = YES;
				CLANG_WARN_SUSPICIOUS_MOVE = YES;
				CLANG_WARN_UNGUARDED_AVAILABILITY = YES_AGGRESSIVE;
				CLANG_WARN_UNREACHABLE_CODE = YES;
				CLANG_WARN__DUPLICATE_METHOD_MATCH = YES;
				COPY_PHASE_STRIP = NO;
				DEBUG_INFORMATION_FORMAT = "dwarf-with-dsym";
				ENABLE_NS_ASSERTIONS = NO;
				ENABLE_STRICT_OBJC_MSGSEND = YES;
				GCC_C_LANGUAGE_STANDARD = gnu11;
				GCC_NO_COMMON_BLOCKS = YES;
				GCC_WARN_64_TO_32_BIT_CONVERSION = YES;
				GCC_WARN_ABOUT_RETURN_TYPE = YES_ERROR;
				GCC_WARN_UNDECLARED_SELECTOR = YES;
				GCC_WARN_UNINITIALIZED_AUTOS = YES_AGGRESSIVE;
				GCC_WARN_UNUSED_FUNCTION = YES;
				GCC_WARN_UNUSED_VARIABLE = YES;
				IPHONEOS_DEPLOYMENT_TARGET = 16.1;
				MTL_ENABLE_DEBUG_INFO = NO;
				MTL_FAST_MATH = YES;
				SDKROOT = iphoneos;
				SWIFT_COMPILATION_MODE = wholemodule;
				SWIFT_OPTIMIZATION_LEVEL = "-O";
				VALIDATE_PRODUCT = YES;
			};
			name = Release;
		};
		04AD79FB294385DE00C24BFF /* Debug */ = {
			isa = XCBuildConfiguration;
			buildSettings = {
				ASSETCATALOG_COMPILER_APPICON_NAME = AppIcon;
				ASSETCATALOG_COMPILER_GLOBAL_ACCENT_COLOR_NAME = AccentColor;
				CODE_SIGN_STYLE = Automatic;
				CURRENT_PROJECT_VERSION = 1;
				GENERATE_INFOPLIST_FILE = YES;
				INFOPLIST_FILE = ToDoList/Info.plist;
				INFOPLIST_KEY_UIApplicationSupportsIndirectInputEvents = YES;
				INFOPLIST_KEY_UILaunchStoryboardName = LaunchScreen;
				INFOPLIST_KEY_UIMainStoryboardFile = Main;
				INFOPLIST_KEY_UISupportedInterfaceOrientations_iPad = "UIInterfaceOrientationPortrait UIInterfaceOrientationPortraitUpsideDown UIInterfaceOrientationLandscapeLeft UIInterfaceOrientationLandscapeRight";
				INFOPLIST_KEY_UISupportedInterfaceOrientations_iPhone = "UIInterfaceOrientationPortrait UIInterfaceOrientationLandscapeLeft UIInterfaceOrientationLandscapeRight";
				LD_RUNPATH_SEARCH_PATHS = (
					"$(inherited)",
					"@executable_path/Frameworks",
				);
				MARKETING_VERSION = 1.0;
				PRODUCT_BUNDLE_IDENTIFIER = rominkgo.ToDoList;
				PRODUCT_NAME = "$(TARGET_NAME)";
				SWIFT_EMIT_LOC_STRINGS = YES;
				SWIFT_VERSION = 5.0;
				TARGETED_DEVICE_FAMILY = "1,2";
			};
			name = Debug;
		};
		04AD79FC294385DE00C24BFF /* Release */ = {
			isa = XCBuildConfiguration;
			buildSettings = {
				ASSETCATALOG_COMPILER_APPICON_NAME = AppIcon;
				ASSETCATALOG_COMPILER_GLOBAL_ACCENT_COLOR_NAME = AccentColor;
				CODE_SIGN_STYLE = Automatic;
				CURRENT_PROJECT_VERSION = 1;
				GENERATE_INFOPLIST_FILE = YES;
				INFOPLIST_FILE = ToDoList/Info.plist;
				INFOPLIST_KEY_UIApplicationSupportsIndirectInputEvents = YES;
				INFOPLIST_KEY_UILaunchStoryboardName = LaunchScreen;
				INFOPLIST_KEY_UIMainStoryboardFile = Main;
				INFOPLIST_KEY_UISupportedInterfaceOrientations_iPad = "UIInterfaceOrientationPortrait UIInterfaceOrientationPortraitUpsideDown UIInterfaceOrientationLandscapeLeft UIInterfaceOrientationLandscapeRight";
				INFOPLIST_KEY_UISupportedInterfaceOrientations_iPhone = "UIInterfaceOrientationPortrait UIInterfaceOrientationLandscapeLeft UIInterfaceOrientationLandscapeRight";
				LD_RUNPATH_SEARCH_PATHS = (
					"$(inherited)",
					"@executable_path/Frameworks",
				);
				MARKETING_VERSION = 1.0;
				PRODUCT_BUNDLE_IDENTIFIER = rominkgo.ToDoList;
				PRODUCT_NAME = "$(TARGET_NAME)";
				SWIFT_EMIT_LOC_STRINGS = YES;
				SWIFT_VERSION = 5.0;
				TARGETED_DEVICE_FAMILY = "1,2";
			};
			name = Release;
		};
/* End XCBuildConfiguration section */

/* Begin XCConfigurationList section */
		04AD79E1294385DC00C24BFF /* Build configuration list for PBXProject "ToDoList" */ = {
			isa = XCConfigurationList;
			buildConfigurations = (
				04AD79F8294385DE00C24BFF /* Debug */,
				04AD79F9294385DE00C24BFF /* Release */,
			);
			defaultConfigurationIsVisible = 0;
			defaultConfigurationName = Release;
		};
		04AD79FA294385DE00C24BFF /* Build configuration list for PBXNativeTarget "ToDoList" */ = {
			isa = XCConfigurationList;
			buildConfigurations = (
				04AD79FB294385DE00C24BFF /* Debug */,
				04AD79FC294385DE00C24BFF /* Release */,
			);
			defaultConfigurationIsVisible = 0;
			defaultConfigurationName = Release;
		};
/* End XCConfigurationList section */

/* Begin XCVersionGroup section */
		04AD7A042943C12400C24BFF /* CoreData.xcdatamodeld */ = {
			isa = XCVersionGroup;
			children = (
				04AD7A052943C12400C24BFF /* CoreData.xcdatamodel */,
			);
			currentVersion = 04AD7A052943C12400C24BFF /* CoreData.xcdatamodel */;
			path = CoreData.xcdatamodeld;
			sourceTree = "<group>";
			versionGroupType = wrapper.xcdatamodel;
		};
/* End XCVersionGroup section */
	};
	rootObject = 04AD79DE294385DC00C24BFF /* Project object */;
}
